
Microsoft Visual Studio Solution File, Format Version 12.00
# Visual Studio Version 17
VisualStudioVersion = 17.5.002.0
MinimumVisualStudioVersion = 10.0.40219.1
Project("{9A19103F-16F7-4668-BE54-9A1E7A4F7556}") = "Admin_Panel", "Admin_Panel.csproj", "{73F53D8E-821F-487B-B869-61B1229F1E2E}"
EndProject
Global
	GlobalSection(SolutionConfigurationPlatforms) = preSolution
		Debug|Any CPU = Debug|Any CPU
		Release|Any CPU = Release|Any CPU
	EndGlobalSection
	GlobalSection(ProjectConfigurationPlatforms) = postSolution
		{73F53D8E-821F-487B-B869-61B1229F1E2E}.Debug|Any CPU.ActiveCfg = Debug|Any CPU
		{73F53D8E-821F-487B-B869-61B1229F1E2E}.Debug|Any CPU.Build.0 = Debug|Any CPU
		{73F53D8E-821F-487B-B869-61B1229F1E2E}.Release|Any CPU.ActiveCfg = Release|Any CPU
		{73F53D8E-821F-487B-B869-61B1229F1E2E}.Release|Any CPU.Build.0 = Release|Any CPU
	EndGlobalSection
	GlobalSection(SolutionProperties) = preSolution
		HideSolutionNode = FALSE
	EndGlobalSection
	GlobalSection(ExtensibilityGlobals) = postSolution
		SolutionGuid = {28442C8C-733D-4D20-96E5-DCCE339C2BF9}
	EndGlobalSection
EndGlobal
